{
  "version": 1,
  "dependencies": {
    "net10.0": {
      "Jellyfin.Controller": {
        "type": "Direct",
        "requested": "[12.0.0, )",
        "resolved": "12.0.0",
        "contentHash": "CtqEPr2+oXjtHnlk2ZcavhTLLwaSLPa4DNu1qK8tv9S+qrz4PABYqEElO7NWkfPwGVcfaA+XD5mziHmZokAFHw==",
        "dependencies": {
          "Jellyfin.Common": "12.0.0",
          "Jellyfin.MediaEncoding.Keyframes": "12.0.0",
          "Jellyfin.Model": "12.0.0",
          "Jellyfin.Naming": "12.0.0",
          "Microsoft.Extensions.Configuration.Binder": "10.0.11"
        }
      },
      "SerilogAnalyzer": {
        "type": "Direct",
        "requested": "[0.15.0, )",
        "resolved": "0.15.0",
        "contentHash": "sVpwfls4MfNnwIXLSGCgaUnV+c9kgJ8ia6GsyRcpd4Vs3gLogSDtSYBYrre2K2u/PNMo8GgG09RehwVnze70Tw=="
      },
      "SmartAnalyzers.MultithreadingAnalyzer": {
        "type": "Direct",
        "requested": "[1.1.31, )",
        "resolved": "1.1.31",
        "contentHash": "2f2k7bbhDd132ArglCKpzKoWBcp3uzbIFcb4aosnlqIKlfYKDE2HevBVRNVa+LkWFnjXFFWs47Bo96fu8iS//Q=="
      },
      "StyleCop.Analyzers": {
        "type": "Direct",
        "requested": "[1.2.0-beta.556, )",
        "resolved": "1.2.0-beta.556",
        "contentHash": "llRPgmA1fhC0I0QyFLEcjvtM2239QzKr/tcnbsjArLMJxJlu0AA5G7Fft0OI30pHF3MW63Gf4aSSsjc5m82J1Q==",
        "dependencies": {
          "StyleCop.Analyzers.Unstable": "1.2.0.556"
        }
      },
      "Diacritics": {
        "type": "Transitive",
        "resolved": "4.1.8",
        "contentHash": "6+I0/ui1GvFS3SFSs+92b7yNqq6t32iaBQcO9RnepCiEViD2XmvsSIh4r1VTJe94gDxtkDo9fOSbRK1FjSSpGg=="
      },
      "ICU4N": {
        "type": "Transitive",
        "resolved": "60.1.0-alpha.356",
        "contentHash": "YMZtDnjcqWzziOKiE7w6Ma7Rl5vuFDxzOsUlHh1QyfghbNEIZQOLRs9MMfwCWAjX6n9UitrF6vLXy55Z5q+4Fg==",
        "dependencies": {
          "J2N": "2.0.0",
          "Microsoft.Extensions.Caching.Memory": "2.0.0"
        }
      },
      "ICU4N.Transliterator": {
        "type": "Transitive",
        "resolved": "60.1.0-alpha.356",
        "contentHash": "lFOSO6bbEtB6HkWMNDJAq+rFwVyi9g6xVc5O/2xHa6iZnV7wLVDqCbaQ4W4vIeBSQZAafqhxciaEkmAvSdzlCg==",
        "dependencies": {
          "ICU4N": "60.1.0-alpha.356"
        }
      },
      "J2N": {
        "type": "Transitive",
        "resolved": "2.0.0",
        "contentHash": "M5bwDajAARZiyqupU+rHQJnsVLxNBOHJ8vKYHd8LcLIb1FgLfzzcJvc31Qo5Xz/GEHFjDF9ScjKL/ks/zRTXuA=="
      },
      "Jellyfin.Common": {
        "type": "Transitive",
        "resolved": "12.0.0",
        "contentHash": "U0XY7mKv1FSc0Dv10GOB+XDoiafTKnPe8zR/e8N/Cy1CMGKpbrRoAGUv7CwkJWBzk8vridlE5rP2L2Xow3QUrA==",
        "dependencies": {
          "Jellyfin.Model": "12.0.0"
        }
      },
      "Jellyfin.Data": {
        "type": "Transitive",
        "resolved": "12.0.0",
        "contentHash": "ogSgr4rjssk6vwAPgSTWrQOb8vj1XWQmROf64FKqq19AWUykGTHcaJiQWRkYiZFruOCXJQeNGOWv8IwCtfagBA==",
        "dependencies": {
          "Jellyfin.Database.Implementations": "12.0.0",
          "Microsoft.Extensions.Logging": "10.0.11"
        }
      },
      "Jellyfin.Database.Implementations": {
        "type": "Transitive",
        "resolved": "12.0.0",
        "contentHash": "9MPKdD1MymXICBOjnt96YooZz1oI4lsL34sV+4iaG0kx4Jmm2qfA2/9uZbb3Y7+ZSWSA1Fa+21SJtyQ3fakboQ==",
        "dependencies": {
          "Microsoft.EntityFrameworkCore.Relational": "10.0.11",
          "Polly": "8.7.0"
        }
      },
      "Jellyfin.Extensions": {
        "type": "Transitive",
        "resolved": "12.0.0",
        "contentHash": "p6XEGIE46Fn2SqZlPAlkeaP45SpPPtJ3fJPeNHXoGwOx83d09QENGrs4Ie8rTrWuoPoGvn/7g40d8eBrDzgADA==",
        "dependencies": {
          "Diacritics": "4.1.8",
          "ICU4N.Transliterator": "60.1.0-alpha.356"
        }
      },
      "Jellyfin.MediaEncoding.Keyframes": {
        "type": "Transitive",
        "resolved": "12.0.0",
        "contentHash": "RRyxFLr6JNDTatPPsn1xvQ1mhIUvwm7iWjEyh2Lt8FhLbEETsNaWSZKvfQxY2Gm5pMPRjlv0dH3tNUguyk6ZtQ==",
        "dependencies": {
          "NEbml": "1.1.0.5"
        }
      },
      "Jellyfin.Model": {
        "type": "Transitive",
        "resolved": "12.0.0",
        "contentHash": "tunpZL+hOVh2CveVwBmGqMLC48ozlDsVbCLK/Xf3HBV0F1iIyeVMsxHahin7AMgYwCjbURfsov/ZA8ZO6CgYTQ==",
        "dependencies": {
          "Jellyfin.Data": "12.0.0",
          "Jellyfin.Extensions": "12.0.0"
        }
      },
      "Jellyfin.Naming": {
        "type": "Transitive",
        "resolved": "12.0.0",
        "contentHash": "lHf27aSFmzYQoQ8ggY/7gst2LnjywW7xN6mRkScMzBmH5STvD+kfepGT38Ee4xDM1Fe17yxCiRWJKsKaFwVIcg==",
        "dependencies": {
          "Jellyfin.Common": "12.0.0",
          "Jellyfin.Model": "12.0.0"
        }
      },
      "Microsoft.EntityFrameworkCore": {
        "type": "Transitive",
        "resolved": "10.0.11",
        "contentHash": "VOSGU8en6HZJs8t7UMFN+9vGcRgVOOn6fA44Ngcg2NyvJ3P1KE94iAb0XzaVaGhXGtt+qaM/VtEn0/hzluQJeg==",
        "dependencies": {
          "Microsoft.EntityFrameworkCore.Abstractions": "10.0.11",
          "Microsoft.EntityFrameworkCore.Analyzers": "10.0.11",
          "Microsoft.Extensions.Caching.Memory": "10.0.11",
          "Microsoft.Extensions.Logging": "10.0.11"
        }
      },
      "Microsoft.EntityFrameworkCore.Abstractions": {
        "type": "Transitive",
        "resolved": "10.0.11",
        "contentHash": "6auJR+9+9VunznKfH7WGrHMrnrmA0F7JZ22EXzwXvVhjfnbu9Xq7NSIWaOf3KJsOanM2qf5ajJ2JR5TlcPZTLA=="
      },
      "Microsoft.EntityFrameworkCore.Analyzers": {
        "type": "Transitive",
        "resolved": "10.0.11",
        "contentHash": "Bv7X4wSSnzCQED9WYXKJ8fwgyvKwf0xZM1GO8xkf6CF9zl+UBnvjxmcPnokJRy0JKjc1SlHSzzhx1HcL4jitTQ=="
      },
      "Microsoft.EntityFrameworkCore.Relational": {
        "type": "Transitive",
        "resolved": "10.0.11",
        "contentHash": "grznnTJgEYxaWpdKAsTzg6j+89jHgCXWYp+QGtlX5O92+w/VuhWM6JLPYb+uw8M9VhGUvOTsO76dYOy9vNPd5Q==",
        "dependencies": {
          "Microsoft.EntityFrameworkCore": "10.0.11",
          "Microsoft.Extensions.Caching.Memory": "10.0.11",
          "Microsoft.Extensions.Configuration.Abstractions": "10.0.11",
          "Microsoft.Extensions.Logging": "10.0.11"
        }
      },
      "Microsoft.Extensions.Caching.Abstractions": {
        "type": "Transitive",
        "resolved": "10.0.11",
        "contentHash": "vUl798SmruTqqlt/xH2gDk3tJlhk6k3HdOXAHirlRfbNKDym4g/kRpUL9S4sl6F6FsOTOMW+ZsDapqlZMOOiEw==",
        "dependencies": {
          "Microsoft.Extensions.Primitives": "10.0.11"
        }
      },
      "Microsoft.Extensions.Caching.Memory": {
        "type": "Transitive",
        "resolved": "10.0.11",
        "contentHash": "el1g0mBEbDBGY2bT9mcSfrTWO8QlPdq2nOCnvQugioOFwHV+bVBMeiakoI0dNOdj8d6Hi9K6HY2xzRUWJiDR3w==",
        "dependencies": {
          "Microsoft.Extensions.Caching.Abstractions": "10.0.11",
          "Microsoft.Extensions.DependencyInjection.Abstractions": "10.0.11",
          "Microsoft.Extensions.Logging.Abstractions": "10.0.11",
          "Microsoft.Extensions.Options": "10.0.11",
          "Microsoft.Extensions.Primitives": "10.0.11"
        }
      },
      "Microsoft.Extensions.Configuration": {
        "type": "Transitive",
        "resolved": "10.0.11",
        "contentHash": "wlhRqZW8LcJPa+vk2oLAc/REXDItHtkFQdf/QcXYGZbZOO13izcsKY1pCvuFQYwUiZD+hwSZwsKASjqT+BNaVg==",
        "dependencies": {
          "Microsoft.Extensions.Configuration.Abstractions": "10.0.11",
          "Microsoft.Extensions.Primitives": "10.0.11"
        }
      },
      "Microsoft.Extensions.Configuration.Abstractions": {
        "type": "Transitive",
        "resolved": "10.0.11",
        "contentHash": "fVi053xdpda9Em7vSkmgVxO/PtgC2m78ekReKWsgcyskqY0U82Bz/MONwxpGzI0hElYKJfw+fupqMVeKW3fSaA==",
        "dependencies": {
          "Microsoft.Extensions.Primitives": "10.0.11"
        }
      },
      "Microsoft.Extensions.Configuration.Binder": {
        "type": "Transitive",
        "resolved": "10.0.11",
        "contentHash": "rFn8RuszZn3qquPVkDytMUlPc2+rXl9MCoygwc1XmAgC5vg5/oXJ8hkOosOrLoBLsqdTy4lFwP6iQdPS9uSYOA==",
        "dependencies": {
          "Microsoft.Extensions.Configuration": "10.0.11",
          "Microsoft.Extensions.Configuration.Abstractions": "10.0.11"
        }
      },
      "Microsoft.Extensions.DependencyInjection": {
        "type": "Transitive",
        "resolved": "10.0.11",
        "contentHash": "PSmotV19c7E3lKed++uYo1kSiXFI+uTl37CBSrhq+CfLC3FCHjG7R91+xPnNehQfHS1b0Tzo/CCLPWH3qaEheg==",
        "dependencies": {
          "Microsoft.Extensions.DependencyInjection.Abstractions": "10.0.11"
        }
      },
      "Microsoft.Extensions.DependencyInjection.Abstractions": {
        "type": "Transitive",
        "resolved": "10.0.11",
        "contentHash": "/a1aJz4m7ylhEDf25ugQChLQoN5XwoGjWw/BoR/ZWWKsO1v4DdJElS1uyngahz4B/eOzjFk1KNTkarRLE5wsIg=="
      },
      "Microsoft.Extensions.Logging": {
        "type": "Transitive",
        "resolved": "10.0.11",
        "contentHash": "nUOJwgFkSiLHiVGFpU22pIJtuWYewuSYQ3JVuP/gdK8ASMT807Px+TYQiRWs6uSsOmoyFTaVCwKXTasczV6BpA==",
        "dependencies": {
          "Microsoft.Extensions.DependencyInjection": "10.0.11",
          "Microsoft.Extensions.Logging.Abstractions": "10.0.11",
          "Microsoft.Extensions.Options": "10.0.11"
        }
      },
      "Microsoft.Extensions.Logging.Abstractions": {
        "type": "Transitive",
        "resolved": "10.0.11",
        "contentHash": "Ljd0Uxoq5XpScD2Bg0nM/r3mwx7Ao5Uq24eo2ARxbGvqJ7Zht6rt2cJtwVRH4Cv+1ZVMdXz6TB43KbpmsxRrvQ==",
        "dependencies": {
          "Microsoft.Extensions.DependencyInjection.Abstractions": "10.0.11"
        }
      },
      "Microsoft.Extensions.Options": {
        "type": "Transitive",
        "resolved": "10.0.11",
        "contentHash": "eY1GAKcTfD2maP27J84X9IovT3yjHJ2dVDzPmDg6/XqYvt3jMzJhtfQCLjG9pVsZGAd+8DQ2QrjaDcs2+VQLGw==",
        "dependencies": {
          "Microsoft.Extensions.DependencyInjection.Abstractions": "10.0.11",
          "Microsoft.Extensions.Primitives": "10.0.11"
        }
      },
      "Microsoft.Extensions.Primitives": {
        "type": "Transitive",
        "resolved": "10.0.11",
        "contentHash": "SXcz+kF+4Oo9b1+55zntpJFYfwb1jw66ioxptyNOOTDc8g2FHnBFWjZpsWfCvZIhzr0x+4e2trVTs4OKwQfBtw=="
      },
      "NEbml": {
        "type": "Transitive",
        "resolved": "1.1.0.5",
        "contentHash": "svtqDc+hue9kbnqNN2KkK4om/hDrc7K127cNb5FIYfgKgzo+JNDPXNLp8NioCchHhBO3lxWd4Cp/iiZZ3aoUqg=="
      },
      "Polly": {
        "type": "Transitive",
        "resolved": "8.7.0",
        "contentHash": "0qR4f0OR8FeCAfLWcfwzAM7w6EmpUgwa22PgxKjcL25dEAto7sKpQQXbtxp38vVvK+V3RFkh/TeI7g/iUdoYIQ==",
        "dependencies": {
          "Polly.Core": "8.7.0"
        }
      },
      "Polly.Core": {
        "type": "Transitive",
        "resolved": "8.7.0",
        "contentHash": "BS2t+nsBer16PIebCEPNBK5fgMisADQyRCd7K+BgkMWpFmSaiYE+rVVNpFhGRqUkJmNSLmw0uCNzHHWfgml28Q=="
      },
      "StyleCop.Analyzers.Unstable": {
        "type": "Transitive",
        "resolved": "1.2.0.556",
        "contentHash": "zvn9Mqs/ox/83cpYPignI8hJEM2A93s2HkHs8HYMOAQW0PkampyoErAiIyKxgTLqbbad29HX/shv/6LGSjPJNQ=="
      }
    }
  }
}